# This file is automatically @generated by Cargo.
# It is not intended for manual editing.
version = 4

[[package]]
name = "game_project"
version = "0.1.0"
dependencies = [
 "sdl3",
 "sdl3-main",
 "sdl3-sys",
]

[[package]]
name = "sdl3"
version = "0.1.0"
dependencies = [
 "sdl3-sys",
]

[[package]]
name = "sdl3-main"
version = "0.5.4"
source = "registry+https://github.com/rust-lang/crates.io-index"
checksum = "017601f275a2c84acff117f3691e19ddfa0e74bf6b07ce98a4ff842acbef8bb0"
dependencies = [
 "sdl3-main-macros",
 "sdl3-sys",
]

[[package]]
name = "sdl3-main-macros"
version = "0.1.1"
source = "registry+https://github.com/rust-lang/crates.io-index"
checksum = "ae58599dd01dd58b4cafa3a52d3a80cd2fb3599764defb5ee534de8f340f2010"

[[package]]
name = "sdl3-sys"
version = "0.5.2+SDL3-3.2.16"
source = "registry+https://github.com/rust-lang/crates.io-index"
checksum = "f0a31799d7cbd36f2b187c32a56975fbdd371c200a91b01d4ed0faf0012bcf9c"
